
Microsoft Visual Studio Solution File, Format Version 12.00
# Visual Studio 2012
Project("{2150E333-8FDC-42A3-9474-1A3956D46DE8}") = "Sample", "Sample", "{3D896E4D-BED9-4CCF-AC68-DF0F49640129}"
EndProject
Project("{FAE04EC0-301F-11D3-BF4B-00C04F79EFBC}") = "WebApplication1", "Sample\WebApplication1\WebApplication1.csproj", "{B996D46E-D797-47D2-ACF3-3C29E517348C}"
EndProject
Project("{FAE04EC0-301F-11D3-BF4B-00C04F79EFBC}") = "MvcApplication1", "Sample\MvcApplication1\MvcApplication1.csproj", "{4F277667-211F-4D8C-A3F7-518DA14150B8}"
EndProject
Project("{FAE04EC0-301F-11D3-BF4B-00C04F79EFBC}") = "Test.Utility", "Sample\Test.Utility\Test.Utility.csproj", "{03642153-0F18-41D4-AF34-CBDF36C689F5}"
EndProject
Project("{FAE04EC0-301F-11D3-BF4B-00C04F79EFBC}") = "Test.Entity", "Sample\Test.Entity\Test.Entity.csproj", "{F095BE21-38C0-4C35-9BCC-7C11BDB2B3A4}"
EndProject
Project("{FAE04EC0-301F-11D3-BF4B-00C04F79EFBC}") = "Test.DAL", "Sample\Test.DAL\Test.DAL.csproj", "{4DD41632-D014-42A0-957B-A9FEACEF1DDC}"
EndProject
Project("{FAE04EC0-301F-11D3-BF4B-00C04F79EFBC}") = "Test.Cache", "Sample\Test.Cache\Test.Cache.csproj", "{9E08678B-7C1B-480D-AA3D-9A5CEEF9E25D}"
EndProject
Project("{FAE04EC0-301F-11D3-BF4B-00C04F79EFBC}") = "Test.BLL", "Sample\Test.BLL\Test.BLL.csproj", "{4A53444E-1978-43C2-A2FA-5C26ADEB1938}"
EndProject
Project("{FAE04EC0-301F-11D3-BF4B-00C04F79EFBC}") = "Test.API", "Sample\Test.API\Test.API.csproj", "{555B418F-4990-4C1A-A0B6-D51A96B7EFF7}"
EndProject
Project("{FAE04EC0-301F-11D3-BF4B-00C04F79EFBC}") = "DapperExtensions", "..\..\DapperExtensions\DapperExtensions.csproj", "{4C1A2C6C-A469-4C87-98D1-F1D517FA1ACF}"
EndProject
Global
	GlobalSection(SolutionConfigurationPlatforms) = preSolution
		Debug|Any CPU = Debug|Any CPU
		Release|Any CPU = Release|Any CPU
	EndGlobalSection
	GlobalSection(ProjectConfigurationPlatforms) = postSolution
		{B996D46E-D797-47D2-ACF3-3C29E517348C}.Debug|Any CPU.ActiveCfg = Debug|Any CPU
		{B996D46E-D797-47D2-ACF3-3C29E517348C}.Debug|Any CPU.Build.0 = Debug|Any CPU
		{B996D46E-D797-47D2-ACF3-3C29E517348C}.Release|Any CPU.ActiveCfg = Release|Any CPU
		{B996D46E-D797-47D2-ACF3-3C29E517348C}.Release|Any CPU.Build.0 = Release|Any CPU
		{4F277667-211F-4D8C-A3F7-518DA14150B8}.Debug|Any CPU.ActiveCfg = Debug|Any CPU
		{4F277667-211F-4D8C-A3F7-518DA14150B8}.Debug|Any CPU.Build.0 = Debug|Any CPU
		{4F277667-211F-4D8C-A3F7-518DA14150B8}.Release|Any CPU.ActiveCfg = Release|Any CPU
		{4F277667-211F-4D8C-A3F7-518DA14150B8}.Release|Any CPU.Build.0 = Release|Any CPU
		{03642153-0F18-41D4-AF34-CBDF36C689F5}.Debug|Any CPU.ActiveCfg = Debug|Any CPU
		{03642153-0F18-41D4-AF34-CBDF36C689F5}.Debug|Any CPU.Build.0 = Debug|Any CPU
		{03642153-0F18-41D4-AF34-CBDF36C689F5}.Release|Any CPU.ActiveCfg = Release|Any CPU
		{03642153-0F18-41D4-AF34-CBDF36C689F5}.Release|Any CPU.Build.0 = Release|Any CPU
		{F095BE21-38C0-4C35-9BCC-7C11BDB2B3A4}.Debug|Any CPU.ActiveCfg = Debug|Any CPU
		{F095BE21-38C0-4C35-9BCC-7C11BDB2B3A4}.Debug|Any CPU.Build.0 = Debug|Any CPU
		{F095BE21-38C0-4C35-9BCC-7C11BDB2B3A4}.Release|Any CPU.ActiveCfg = Release|Any CPU
		{F095BE21-38C0-4C35-9BCC-7C11BDB2B3A4}.Release|Any CPU.Build.0 = Release|Any CPU
		{4DD41632-D014-42A0-957B-A9FEACEF1DDC}.Debug|Any CPU.ActiveCfg = Debug|Any CPU
		{4DD41632-D014-42A0-957B-A9FEACEF1DDC}.Debug|Any CPU.Build.0 = Debug|Any CPU
		{4DD41632-D014-42A0-957B-A9FEACEF1DDC}.Release|Any CPU.ActiveCfg = Release|Any CPU
		{4DD41632-D014-42A0-957B-A9FEACEF1DDC}.Release|Any CPU.Build.0 = Release|Any CPU
		{9E08678B-7C1B-480D-AA3D-9A5CEEF9E25D}.Debug|Any CPU.ActiveCfg = Debug|Any CPU
		{9E08678B-7C1B-480D-AA3D-9A5CEEF9E25D}.Debug|Any CPU.Build.0 = Debug|Any CPU
		{9E08678B-7C1B-480D-AA3D-9A5CEEF9E25D}.Release|Any CPU.ActiveCfg = Release|Any CPU
		{9E08678B-7C1B-480D-AA3D-9A5CEEF9E25D}.Release|Any CPU.Build.0 = Release|Any CPU
		{4A53444E-1978-43C2-A2FA-5C26ADEB1938}.Debug|Any CPU.ActiveCfg = Debug|Any CPU
		{4A53444E-1978-43C2-A2FA-5C26ADEB1938}.Debug|Any CPU.Build.0 = Debug|Any CPU
		{4A53444E-1978-43C2-A2FA-5C26ADEB1938}.Release|Any CPU.ActiveCfg = Release|Any CPU
		{4A53444E-1978-43C2-A2FA-5C26ADEB1938}.Release|Any CPU.Build.0 = Release|Any CPU
		{555B418F-4990-4C1A-A0B6-D51A96B7EFF7}.Debug|Any CPU.ActiveCfg = Debug|Any CPU
		{555B418F-4990-4C1A-A0B6-D51A96B7EFF7}.Debug|Any CPU.Build.0 = Debug|Any CPU
		{555B418F-4990-4C1A-A0B6-D51A96B7EFF7}.Release|Any CPU.ActiveCfg = Release|Any CPU
		{555B418F-4990-4C1A-A0B6-D51A96B7EFF7}.Release|Any CPU.Build.0 = Release|Any CPU
		{4C1A2C6C-A469-4C87-98D1-F1D517FA1ACF}.Debug|Any CPU.ActiveCfg = Debug|Any CPU
		{4C1A2C6C-A469-4C87-98D1-F1D517FA1ACF}.Debug|Any CPU.Build.0 = Debug|Any CPU
		{4C1A2C6C-A469-4C87-98D1-F1D517FA1ACF}.Release|Any CPU.ActiveCfg = Release|Any CPU
		{4C1A2C6C-A469-4C87-98D1-F1D517FA1ACF}.Release|Any CPU.Build.0 = Release|Any CPU
	EndGlobalSection
	GlobalSection(SolutionProperties) = preSolution
		HideSolutionNode = FALSE
	EndGlobalSection
	GlobalSection(NestedProjects) = preSolution
		{B996D46E-D797-47D2-ACF3-3C29E517348C} = {3D896E4D-BED9-4CCF-AC68-DF0F49640129}
		{4F277667-211F-4D8C-A3F7-518DA14150B8} = {3D896E4D-BED9-4CCF-AC68-DF0F49640129}
		{03642153-0F18-41D4-AF34-CBDF36C689F5} = {3D896E4D-BED9-4CCF-AC68-DF0F49640129}
		{F095BE21-38C0-4C35-9BCC-7C11BDB2B3A4} = {3D896E4D-BED9-4CCF-AC68-DF0F49640129}
		{4DD41632-D014-42A0-957B-A9FEACEF1DDC} = {3D896E4D-BED9-4CCF-AC68-DF0F49640129}
		{9E08678B-7C1B-480D-AA3D-9A5CEEF9E25D} = {3D896E4D-BED9-4CCF-AC68-DF0F49640129}
		{4A53444E-1978-43C2-A2FA-5C26ADEB1938} = {3D896E4D-BED9-4CCF-AC68-DF0F49640129}
		{555B418F-4990-4C1A-A0B6-D51A96B7EFF7} = {3D896E4D-BED9-4CCF-AC68-DF0F49640129}
	EndGlobalSection
EndGlobal
